
Microsoft Visual Studio Solution File, Format Version 10.00
# Visual Studio 2008
Project("{FAE04EC0-301F-11D3-BF4B-00C04F79EFBC}") = "TwitterIrcGateway", "TwitterIrcGateway\TwitterIrcGateway.csproj", "{1D1391F6-74ED-4FDF-8C27-0BD421D0FF4D}"
EndProject
Project("{FAE04EC0-301F-11D3-BF4B-00C04F79EFBC}") = "TwitterIrcGatewayCLI", "TwitterIrcGatewayCLI\TwitterIrcGatewayCLI.csproj", "{4FCEDBD3-FA87-4ADE-82E9-B3C5BA431F54}"
EndProject
Project("{FAE04EC0-301F-11D3-BF4B-00C04F79EFBC}") = "TwitterIrcGatewayCore", "TwitterIrcGatewayCore\TwitterIrcGatewayCore.csproj", "{8A256703-BDC7-4E96-8AC3-89A56A2AFB86}"
	ProjectSection(ProjectDependencies) = postProject
		{91EA0D0B-D3BA-497F-AFEB-2CAD59DEBA0E} = {91EA0D0B-D3BA-497F-AFEB-2CAD59DEBA0E}
	EndProjectSection
EndProject
Project("{FAE04EC0-301F-11D3-BF4B-00C04F79EFBC}") = "agsXMPP2008", "TwitterIrcGatewayCore\agsXMPP\agsXMPP2008.csproj", "{91EA0D0B-D3BA-497F-AFEB-2CAD59DEBA0E}"
EndProject
Project("{FAE04EC0-301F-11D3-BF4B-00C04F79EFBC}") = "TwitterIrcGatewayCLIBootstrap", "TwitterIrcGatewayCLIBootstrap\TwitterIrcGatewayCLIBootstrap.csproj", "{14BB28EE-ED27-4F95-A298-59B6B919D3A1}"
EndProject
Project("{2150E333-8FDC-42A3-9474-1A3956D46DE8}") = "ExtraAddIns", "ExtraAddIns", "{8556500F-82A4-4F3B-9559-F68744C12840}"
EndProject
Project("{FAE04EC0-301F-11D3-BF4B-00C04F79EFBC}") = "RevealOnewayFollowAddIn", "ExtraAddIns\RevealOnewayFollowAddIn\RevealOnewayFollowAddIn.csproj", "{4ECA6530-10C7-4EBA-A0BC-F04D9AB7E59A}"
EndProject
Project("{FAE04EC0-301F-11D3-BF4B-00C04F79EFBC}") = "TypableMapCommandRemoveAndBlock", "ExtraAddIns\TypableMapCommandRemoveAndBlock\TypableMapCommandRemoveAndBlock.csproj", "{115D5E5F-D93C-4E92-BFF0-BF06DEDEB35A}"
EndProject
Project("{FAE04EC0-301F-11D3-BF4B-00C04F79EFBC}") = "SocialRemoveRedundantSuffix", "ExtraAddIns\SocialRemoveRedundantSuffix\SocialRemoveRedundantSuffix.csproj", "{2155CDFA-F001-4537-BD68-2C2CAA283329}"
EndProject
Project("{FAE04EC0-301F-11D3-BF4B-00C04F79EFBC}") = "CamouflageClient", "ExtraAddIns\CamouflageClient\CamouflageClient.csproj", "{92E20BBD-CC17-4C37-9BA2-54B4B4A268C9}"
EndProject
Global
	GlobalSection(SolutionConfigurationPlatforms) = preSolution
		Debug|Any CPU = Debug|Any CPU
		Debug|x86 = Debug|x86
		Release|Any CPU = Release|Any CPU
		Release|x86 = Release|x86
	EndGlobalSection
	GlobalSection(ProjectConfigurationPlatforms) = postSolution
		{1D1391F6-74ED-4FDF-8C27-0BD421D0FF4D}.Debug|Any CPU.ActiveCfg = Debug|Any CPU
		{1D1391F6-74ED-4FDF-8C27-0BD421D0FF4D}.Debug|Any CPU.Build.0 = Debug|Any CPU
		{1D1391F6-74ED-4FDF-8C27-0BD421D0FF4D}.Debug|x86.ActiveCfg = Debug|x86
		{1D1391F6-74ED-4FDF-8C27-0BD421D0FF4D}.Debug|x86.Build.0 = Debug|x86
		{1D1391F6-74ED-4FDF-8C27-0BD421D0FF4D}.Release|Any CPU.ActiveCfg = Release|Any CPU
		{1D1391F6-74ED-4FDF-8C27-0BD421D0FF4D}.Release|Any CPU.Build.0 = Release|Any CPU
		{1D1391F6-74ED-4FDF-8C27-0BD421D0FF4D}.Release|x86.ActiveCfg = Release|x86
		{1D1391F6-74ED-4FDF-8C27-0BD421D0FF4D}.Release|x86.Build.0 = Release|x86
		{4FCEDBD3-FA87-4ADE-82E9-B3C5BA431F54}.Debug|Any CPU.ActiveCfg = Debug|Any CPU
		{4FCEDBD3-FA87-4ADE-82E9-B3C5BA431F54}.Debug|Any CPU.Build.0 = Debug|Any CPU
		{4FCEDBD3-FA87-4ADE-82E9-B3C5BA431F54}.Debug|x86.ActiveCfg = Debug|x86
		{4FCEDBD3-FA87-4ADE-82E9-B3C5BA431F54}.Debug|x86.Build.0 = Debug|x86
		{4FCEDBD3-FA87-4ADE-82E9-B3C5BA431F54}.Release|Any CPU.ActiveCfg = Release|Any CPU
		{4FCEDBD3-FA87-4ADE-82E9-B3C5BA431F54}.Release|Any CPU.Build.0 = Release|Any CPU
		{4FCEDBD3-FA87-4ADE-82E9-B3C5BA431F54}.Release|x86.ActiveCfg = Release|x86
		{4FCEDBD3-FA87-4ADE-82E9-B3C5BA431F54}.Release|x86.Build.0 = Release|x86
		{8A256703-BDC7-4E96-8AC3-89A56A2AFB86}.Debug|Any CPU.ActiveCfg = Debug|Any CPU
		{8A256703-BDC7-4E96-8AC3-89A56A2AFB86}.Debug|Any CPU.Build.0 = Debug|Any CPU
		{8A256703-BDC7-4E96-8AC3-89A56A2AFB86}.Debug|x86.ActiveCfg = Debug|x86
		{8A256703-BDC7-4E96-8AC3-89A56A2AFB86}.Debug|x86.Build.0 = Debug|x86
		{8A256703-BDC7-4E96-8AC3-89A56A2AFB86}.Release|Any CPU.ActiveCfg = Release|Any CPU
		{8A256703-BDC7-4E96-8AC3-89A56A2AFB86}.Release|Any CPU.Build.0 = Release|Any CPU
		{8A256703-BDC7-4E96-8AC3-89A56A2AFB86}.Release|x86.ActiveCfg = Release|x86
		{8A256703-BDC7-4E96-8AC3-89A56A2AFB86}.Release|x86.Build.0 = Release|x86
		{91EA0D0B-D3BA-497F-AFEB-2CAD59DEBA0E}.Debug|Any CPU.ActiveCfg = Debug|Any CPU
		{91EA0D0B-D3BA-497F-AFEB-2CAD59DEBA0E}.Debug|Any CPU.Build.0 = Debug|Any CPU
		{91EA0D0B-D3BA-497F-AFEB-2CAD59DEBA0E}.Debug|x86.ActiveCfg = Debug|x86
		{91EA0D0B-D3BA-497F-AFEB-2CAD59DEBA0E}.Debug|x86.Build.0 = Debug|x86
		{91EA0D0B-D3BA-497F-AFEB-2CAD59DEBA0E}.Release|Any CPU.ActiveCfg = Release|Any CPU
		{91EA0D0B-D3BA-497F-AFEB-2CAD59DEBA0E}.Release|Any CPU.Build.0 = Release|Any CPU
		{91EA0D0B-D3BA-497F-AFEB-2CAD59DEBA0E}.Release|x86.ActiveCfg = Release|x86
		{91EA0D0B-D3BA-497F-AFEB-2CAD59DEBA0E}.Release|x86.Build.0 = Release|x86
		{14BB28EE-ED27-4F95-A298-59B6B919D3A1}.Debug|Any CPU.ActiveCfg = Debug|Any CPU
		{14BB28EE-ED27-4F95-A298-59B6B919D3A1}.Debug|Any CPU.Build.0 = Debug|Any CPU
		{14BB28EE-ED27-4F95-A298-59B6B919D3A1}.Debug|x86.ActiveCfg = Debug|x86
		{14BB28EE-ED27-4F95-A298-59B6B919D3A1}.Debug|x86.Build.0 = Debug|x86
		{14BB28EE-ED27-4F95-A298-59B6B919D3A1}.Release|Any CPU.ActiveCfg = Release|Any CPU
		{14BB28EE-ED27-4F95-A298-59B6B919D3A1}.Release|Any CPU.Build.0 = Release|Any CPU
		{14BB28EE-ED27-4F95-A298-59B6B919D3A1}.Release|x86.ActiveCfg = Release|x86
		{14BB28EE-ED27-4F95-A298-59B6B919D3A1}.Release|x86.Build.0 = Release|x86
		{4ECA6530-10C7-4EBA-A0BC-F04D9AB7E59A}.Debug|Any CPU.ActiveCfg = Debug|Any CPU
		{4ECA6530-10C7-4EBA-A0BC-F04D9AB7E59A}.Debug|Any CPU.Build.0 = Debug|Any CPU
		{4ECA6530-10C7-4EBA-A0BC-F04D9AB7E59A}.Debug|x86.ActiveCfg = Debug|x86
		{4ECA6530-10C7-4EBA-A0BC-F04D9AB7E59A}.Debug|x86.Build.0 = Debug|x86
		{4ECA6530-10C7-4EBA-A0BC-F04D9AB7E59A}.Release|Any CPU.ActiveCfg = Release|Any CPU
		{4ECA6530-10C7-4EBA-A0BC-F04D9AB7E59A}.Release|Any CPU.Build.0 = Release|Any CPU
		{4ECA6530-10C7-4EBA-A0BC-F04D9AB7E59A}.Release|x86.ActiveCfg = Release|x86
		{4ECA6530-10C7-4EBA-A0BC-F04D9AB7E59A}.Release|x86.Build.0 = Release|x86
		{115D5E5F-D93C-4E92-BFF0-BF06DEDEB35A}.Debug|Any CPU.ActiveCfg = Debug|Any CPU
		{115D5E5F-D93C-4E92-BFF0-BF06DEDEB35A}.Debug|Any CPU.Build.0 = Debug|Any CPU
		{115D5E5F-D93C-4E92-BFF0-BF06DEDEB35A}.Debug|x86.ActiveCfg = Debug|x86
		{115D5E5F-D93C-4E92-BFF0-BF06DEDEB35A}.Debug|x86.Build.0 = Debug|x86
		{115D5E5F-D93C-4E92-BFF0-BF06DEDEB35A}.Release|Any CPU.ActiveCfg = Release|Any CPU
		{115D5E5F-D93C-4E92-BFF0-BF06DEDEB35A}.Release|Any CPU.Build.0 = Release|Any CPU
		{115D5E5F-D93C-4E92-BFF0-BF06DEDEB35A}.Release|x86.ActiveCfg = Release|x86
		{115D5E5F-D93C-4E92-BFF0-BF06DEDEB35A}.Release|x86.Build.0 = Release|x86
		{2155CDFA-F001-4537-BD68-2C2CAA283329}.Debug|Any CPU.ActiveCfg = Debug|Any CPU
		{2155CDFA-F001-4537-BD68-2C2CAA283329}.Debug|Any CPU.Build.0 = Debug|Any CPU
		{2155CDFA-F001-4537-BD68-2C2CAA283329}.Debug|x86.ActiveCfg = Debug|x86
		{2155CDFA-F001-4537-BD68-2C2CAA283329}.Debug|x86.Build.0 = Debug|x86
		{2155CDFA-F001-4537-BD68-2C2CAA283329}.Release|Any CPU.ActiveCfg = Release|Any CPU
		{2155CDFA-F001-4537-BD68-2C2CAA283329}.Release|Any CPU.Build.0 = Release|Any CPU
		{2155CDFA-F001-4537-BD68-2C2CAA283329}.Release|x86.ActiveCfg = Release|x86
		{2155CDFA-F001-4537-BD68-2C2CAA283329}.Release|x86.Build.0 = Release|x86
		{92E20BBD-CC17-4C37-9BA2-54B4B4A268C9}.Debug|Any CPU.ActiveCfg = Debug|Any CPU
		{92E20BBD-CC17-4C37-9BA2-54B4B4A268C9}.Debug|Any CPU.Build.0 = Debug|Any CPU
		{92E20BBD-CC17-4C37-9BA2-54B4B4A268C9}.Debug|x86.ActiveCfg = Debug|x86
		{92E20BBD-CC17-4C37-9BA2-54B4B4A268C9}.Debug|x86.Build.0 = Debug|x86
		{92E20BBD-CC17-4C37-9BA2-54B4B4A268C9}.Release|Any CPU.ActiveCfg = Release|Any CPU
		{92E20BBD-CC17-4C37-9BA2-54B4B4A268C9}.Release|Any CPU.Build.0 = Release|Any CPU
		{92E20BBD-CC17-4C37-9BA2-54B4B4A268C9}.Release|x86.ActiveCfg = Release|x86
		{92E20BBD-CC17-4C37-9BA2-54B4B4A268C9}.Release|x86.Build.0 = Release|x86
	EndGlobalSection
	GlobalSection(SolutionProperties) = preSolution
		HideSolutionNode = FALSE
	EndGlobalSection
	GlobalSection(NestedProjects) = preSolution
		{4ECA6530-10C7-4EBA-A0BC-F04D9AB7E59A} = {8556500F-82A4-4F3B-9559-F68744C12840}
		{115D5E5F-D93C-4E92-BFF0-BF06DEDEB35A} = {8556500F-82A4-4F3B-9559-F68744C12840}
		{2155CDFA-F001-4537-BD68-2C2CAA283329} = {8556500F-82A4-4F3B-9559-F68744C12840}
		{92E20BBD-CC17-4C37-9BA2-54B4B4A268C9} = {8556500F-82A4-4F3B-9559-F68744C12840}
	EndGlobalSection
EndGlobal
